
Microsoft Visual Studio Solution File, Format Version 12.00
# Visual Studio Version 17
VisualStudioVersion = 17.6.33723.286
MinimumVisualStudioVersion = 10.0.40219.1
Project("{FAE04EC0-301F-11D3-BF4B-00C04F79EFBC}") = "MobOrchWeb", "MobOrchWeb.csproj", "{BAAB7784-874B-4929-8640-1C853B57BA56}"
EndProject
Global
	GlobalSection(SolutionConfigurationPlatforms) = preSolution
		Debug|Any CPU = Debug|Any CPU
		Release|Any CPU = Release|Any CPU
	EndGlobalSection
	GlobalSection(ProjectConfigurationPlatforms) = postSolution
		{BAAB7784-874B-4929-8640-1C853B57BA56}.Debug|Any CPU.ActiveCfg = Debug|Any CPU
		{BAAB7784-874B-4929-8640-1C853B57BA56}.Debug|Any CPU.Build.0 = Debug|Any CPU
		{BAAB7784-874B-4929-8640-1C853B57BA56}.Release|Any CPU.ActiveCfg = Release|Any CPU
		{BAAB7784-874B-4929-8640-1C853B57BA56}.Release|Any CPU.Build.0 = Release|Any CPU
	EndGlobalSection
	GlobalSection(SolutionProperties) = preSolution
		HideSolutionNode = FALSE
	EndGlobalSection
	GlobalSection(ExtensibilityGlobals) = postSolution
		SolutionGuid = {65496783-874E-4C49-AC8F-BD7AE102671C}
	EndGlobalSection
EndGlobal
